// !$*UTF8*$!
{
	archiveVersion = 1;
	classes = {
	};
	objectVersion = 48;
	objects = {

/* Begin PBXBuildFile section */
		BD9488B5204BC5CA002FEF0E /* AppDelegate.swift in Sources */ = {isa = PBXBuildFile; fileRef = BD9488B4204BC5CA002FEF0E /* AppDelegate.swift */; };
		BD9488B7204BC5CA002FEF0E /* ViewController.swift in Sources */ = {isa = PBXBuildFile; fileRef = BD9488B6204BC5CA002FEF0E /* ViewController.swift */; };
		BD9488BA204BC5CA002FEF0E /* Main.storyboard in Resources */ = {isa = PBXBuildFile; fileRef = BD9488B8204BC5CA002FEF0E /* Main.storyboard */; };
		BD9488BC204BC5CA002FEF0E /* Assets.xcassets in Resources */ = {isa = PBXBuildFile; fileRef = BD9488BB204BC5CA002FEF0E /* Assets.xcassets */; };
		BD9488BF204BC5CA002FEF0E /* LaunchScreen.storyboard in Resources */ = {isa = PBXBuildFile; fileRef = BD9488BD204BC5CA002FEF0E /* LaunchScreen.storyboard */; };
/* End PBXBuildFile section */

/* Begin PBXFileReference section */
		BD9488B1204BC5CA002FEF0E /* SimpleConvertor.app */ = {isa = PBXFileReference; explicitFileType = wrapper.application; includeInIndex = 0; path = SimpleConvertor.app; sourceTree = BUILT_PRODUCTS_DIR; };
		BD9488B4204BC5CA002FEF0E /* AppDelegate.swift */ = {isa = PBXFileReference; lastKnownFileType = sourcecode.swift; path = AppDelegate.swift; sourceTree = "<group>"; };
		BD9488B6204BC5CA002FEF0E /* ViewController.swift */ = {isa = PBXFileReference; lastKnownFileType = sourcecode.swift; path = ViewController.swift; sourceTree = "<group>"; };
		BD9488B9204BC5CA002FEF0E /* Base */ = {isa = PBXFileReference; lastKnownFileType = file.storyboard; name = Base; path = Base.lproj/Main.storyboard; sourceTree = "<group>"; };
		BD9488BB204BC5CA002FEF0E /* Assets.xcassets */ = {isa = PBXFileReference; lastKnownFileType = folder.assetcatalog; path = Assets.xcassets; sourceTree = "<group>"; };
		BD9488BE204BC5CA002FEF0E /* Base */ = {isa = PBXFileReference; lastKnownFileType = file.storyboard; name = Base; path = Base.lproj/LaunchScreen.storyboard; sourceTree = "<group>"; };
		BD9488C0204BC5CA002FEF0E /* Info.plist */ = {isa = PBXFileReference; lastKnownFileType = text.plist.xml; path = Info.plist; sourceTree = "<group>"; };
/* End PBXFileReference section */

/* Begin PBXFrameworksBuildPhase section */
		BD9488AE204BC5CA002FEF0E /* Frameworks */ = {
			isa = PBXFrameworksBuildPhase;
			buildActionMask = 2147483647;
			files = (
			);
			runOnlyForDeploymentPostprocessing = 0;
		};
/* End PBXFrameworksBuildPhase section */

/* Begin PBXGroup section */
		BD9488A8204BC5CA002FEF0E = {
			isa = PBXGroup;
			children = (
				BD9488B3204BC5CA002FEF0E /* SimpleConvertor */,
				BD9488B2204BC5CA002FEF0E /* Products */,
			);
			sourceTree = "<group>";
		};
		BD9488B2204BC5CA002FEF0E /* Products */ = {
			isa = PBXGroup;
			children = (
				BD9488B1204BC5CA002FEF0E /* SimpleConvertor.app */,
			);
			name = Products;
			sourceTree = "<group>";
		};
		BD9488B3204BC5CA002FEF0E /* SimpleConvertor */ = {
			isa = PBXGroup;
			children = (
				BD9488B4204BC5CA002FEF0E /* AppDelegate.swift */,
				BD9488B6204BC5CA002FEF0E /* ViewController.swift */,
				BD9488B8204BC5CA002FEF0E /* Main.storyboard */,
				BD9488BB204BC5CA002FEF0E /* Assets.xcassets */,
				BD9488BD204BC5CA002FEF0E /* LaunchScreen.storyboard */,
				BD9488C0204BC5CA002FEF0E /* Info.plist */,
			);
			path = SimpleConvertor;
			sourceTree = "<group>";
		};
/* End PBXGroup section */

/* Begin PBXNativeTarget section */
		BD9488B0204BC5CA002FEF0E /* SimpleConvertor */ = {
			isa = PBXNativeTarget;
			buildConfigurationList = BD9488C3204BC5CA002FEF0E /* Build configuration list for PBXNativeTarget "SimpleConvertor" */;
			buildPhases = (
				BD9488AD204BC5CA002FEF0E /* Sources */,
				BD9488AE204BC5CA002FEF0E /* Frameworks */,
				BD9488AF204BC5CA002FEF0E /* Resources */,
			);
			buildRules = (
			);
			dependencies = (
			);
			name = SimpleConvertor;
			productName = SimpleConvertor;
			productReference = BD9488B1204BC5CA002FEF0E /* SimpleConvertor.app */;
			productType = "com.apple.product-type.application";
		};
/* End PBXNativeTarget section */

/* Begin PBXProject section */
		BD9488A9204BC5CA002FEF0E /* Project object */ = {
			isa = PBXProject;
			attributes = {
				LastSwiftUpdateCheck = 0920;
				LastUpgradeCheck = 0920;
				ORGANIZATIONNAME = penubo;
				TargetAttributes = {
					BD9488B0204BC5CA002FEF0E = {
						CreatedOnToolsVersion = 9.2;
						ProvisioningStyle = Automatic;
					};
				};
			};
			buildConfigurationList = BD9488AC204BC5CA002FEF0E /* Build configuration list for PBXProject "SimpleConvertor" */;
			compatibilityVersion = "Xcode 8.0";
			developmentRegion = en;
			hasScannedForEncodings = 0;
			knownRegions = (
				en,
				Base,
			);
			mainGroup = BD9488A8204BC5CA002FEF0E;
			productRefGroup = BD9488B2204BC5CA002FEF0E /* Products */;
			projectDirPath = "";
			projectRoot = "";
			targets = (
				BD9488B0204BC5CA002FEF0E /* SimpleConvertor */,
			);
		};
/* End PBXProject section */

/* Begin PBXResourcesBuildPhase section */
		BD9488AF204BC5CA002FEF0E /* Resources */ = {
			isa = PBXResourcesBuildPhase;
			buildActionMask = 2147483647;
			files = (
				BD9488BF204BC5CA002FEF0E /* LaunchScreen.storyboard in Resources */,
				BD9488BC204BC5CA002FEF0E /* Assets.xcassets in Resources */,
				BD9488BA204BC5CA002FEF0E /* Main.storyboard in Resources */,
			);
			runOnlyForDeploymentPostprocessing = 0;
		};
/* End PBXResourcesBuildPhase section */

/* Begin PBXSourcesBuildPhase section */
		BD9488AD204BC5CA002FEF0E /* Sources */ = {
			isa = PBXSourcesBuildPhase;
			buildActionMask = 2147483647;
			files = (
				BD9488B7204BC5CA002FEF0E /* ViewController.swift in Sources */,
				BD9488B5204BC5CA002FEF0E /* AppDelegate.swift in Sources */,
			);
			runOnlyForDeploymentPostprocessing = 0;
		};
/* End PBXSourcesBuildPhase section */

/* Begin PBXVariantGroup section */
		BD9488B8204BC5CA002FEF0E /* Main.storyboard */ = {
			isa = PBXVariantGroup;
			children = (
				BD9488B9204BC5CA002FEF0E /* Base */,
			);
			name = Main.storyboard;
			sourceTree = "<group>";
		};
		BD9488BD204BC5CA002FEF0E /* LaunchScreen.storyboard */ = {
			isa = PBXVariantGroup;
			children = (
				BD9488BE204BC5CA002FEF0E /* Base */,
			);
			name = LaunchScreen.storyboard;
			sourceTree = "<group>";
		};
/* End PBXVariantGroup section */

/* Begin XCBuildConfiguration section */
		BD9488C1204BC5CA002FEF0E /* Debug */ = {
			isa = XCBuildConfiguration;
			buildSettings = {
				ALWAYS_SEARCH_USER_PATHS = NO;
				CLANG_ANALYZER_NONNULL = YES;
				CLANG_ANALYZER_NUMBER_OBJECT_CONVERSION = YES_AGGRESSIVE;
				CLANG_CXX_LANGUAGE_STANDARD = "gnu++14";
				CLANG_CXX_LIBRARY = "libc++";
				CLANG_ENABLE_MODULES = YES;
				CLANG_ENABLE_OBJC_ARC = YES;
				CLANG_WARN_BLOCK_CAPTURE_AUTORELEASING = YES;
				CLANG_WARN_BOOL_CONVERSION = YES;
				CLANG_WARN_COMMA = YES;
				CLANG_WARN_CONSTANT_CONVERSION = YES;
				CLANG_WARN_DIRECT_OBJC_ISA_USAGE = YES_ERROR;
				CLANG_WARN_DOCUMENTATION_COMMENTS = YES;
				CLANG_WARN_EMPTY_BODY = YES;
				CLANG_WARN_ENUM_CONVERSION = YES;
				CLANG_WARN_INFINITE_RECURSION = YES;
				CLANG_WARN_INT_CONVERSION = YES;
				CLANG_WARN_NON_LITERAL_NULL_CONVERSION = YES;
				CLANG_WARN_OBJC_LITERAL_CONVERSION = YES;
				CLANG_WARN_OBJC_ROOT_CLASS = YES_ERROR;
				CLANG_WARN_RANGE_LOOP_ANALYSIS = YES;
				CLANG_WARN_STRICT_PROTOTYPES = YES;
				CLANG_WARN_SUSPICIOUS_MOVE = YES;
				CLANG_WARN_UNGUARDED_AVAILABILITY = YES_AGGRESSIVE;
				CLANG_WARN_UNREACHABLE_CODE = YES;
				CLANG_WARN__DUPLICATE_METHOD_MATCH = YES;
				CODE_SIGN_IDENTITY = "iPhone Developer";
				COPY_PHASE_STRIP = NO;
				DEBUG_INFORMATION_FORMAT = dwarf;
				ENABLE_STRICT_OBJC_MSGSEND = YES;
				ENABLE_TESTABILITY = YES;
				GCC_C_LANGUAGE_STANDARD = gnu11;
				GCC_DYNAMIC_NO_PIC = NO;
				GCC_NO_COMMON_BLOCKS = YES;
				GCC_OPTIMIZATION_LEVEL = 0;
				GCC_PREPROCESSOR_DEFINITIONS = (
					"DEBUG=1",
					"$(inherited)",
				);
				GCC_WARN_64_TO_32_BIT_CONVERSION = YES;
				GCC_WARN_ABOUT_RETURN_TYPE = YES_ERROR;
				GCC_WARN_UNDECLARED_SELECTOR = YES;
				GCC_WARN_UNINITIALIZED_AUTOS = YES_AGGRESSIVE;
				GCC_WARN_UNUSED_FUNCTION = YES;
				GCC_WARN_UNUSED_VARIABLE = YES;
				IPHONEOS_DEPLOYMENT_TARGET = 11.2;
				MTL_ENABLE_DEBUG_INFO = YES;
				ONLY_ACTIVE_ARCH = YES;
				SDKROOT = iphoneos;
				SWIFT_ACTIVE_COMPILATION_CONDITIONS = DEBUG;
				SWIFT_OPTIMIZATION_LEVEL = "-Onone";
			};
			name = Debug;
		};
		BD9488C2204BC5CA002FEF0E /* Release */ = {
			isa = XCBuildConfiguration;
			buildSettings = {
				ALWAYS_SEARCH_USER_PATHS = NO;
				CLANG_ANALYZER_NONNULL = YES;
				CLANG_ANALYZER_NUMBER_OBJECT_CONVERSION = YES_AGGRESSIVE;
				CLANG_CXX_LANGUAGE_STANDARD = "gnu++14";
				CLANG_CXX_LIBRARY = "libc++";
				CLANG_ENABLE_MODULES = YES;
				CLANG_ENABLE_OBJC_ARC = YES;
				CLANG_WARN_BLOCK_CAPTURE_AUTORELEASING = YES;
				CLANG_WARN_BOOL_CONVERSION = YES;
				CLANG_WARN_COMMA = YES;
				CLANG_WARN_CONSTANT_CONVERSION = YES;
				CLANG_WARN_DIRECT_OBJC_ISA_USAGE = YES_ERROR;
				CLANG_WARN_DOCUMENTATION_COMMENTS = YES;
				CLANG_WARN_EMPTY_BODY = YES;
				CLANG_WARN_ENUM_CONVERSION = YES;
				CLANG_WARN_INFINITE_RECURSION = YES;
				CLANG_WARN_INT_CONVERSION = YES;
				CLANG_WARN_NON_LITERAL_NULL_CONVERSION = YES;
				CLANG_WARN_OBJC_LITERAL_CONVERSION = YES;
				CLANG_WARN_OBJC_ROOT_CLASS = YES_ERROR;
				CLANG_WARN_RANGE_LOOP_ANALYSIS = YES;
				CLANG_WARN_STRICT_PROTOTYPES = YES;
				CLANG_WARN_SUSPICIOUS_MOVE = YES;
				CLANG_WARN_UNGUARDED_AVAILABILITY = YES_AGGRESSIVE;
				CLANG_WARN_UNREACHABLE_CODE = YES;
				CLANG_WARN__DUPLICATE_METHOD_MATCH = YES;
				CODE_SIGN_IDENTITY = "iPhone Developer";
				COPY_PHASE_STRIP = NO;
				DEBUG_INFORMATION_FORMAT = "dwarf-with-dsym";
				ENABLE_NS_ASSERTIONS = NO;
				ENABLE_STRICT_OBJC_MSGSEND = YES;
				GCC_C_LANGUAGE_STANDARD = gnu11;
				GCC_NO_COMMON_BLOCKS = YES;
				GCC_WARN_64_TO_32_BIT_CONVERSION = YES;
				GCC_WARN_ABOUT_RETURN_TYPE = YES_ERROR;
				GCC_WARN_UNDECLARED_SELECTOR = YES;
				GCC_WARN_UNINITIALIZED_AUTOS = YES_AGGRESSIVE;
				GCC_WARN_UNUSED_FUNCTION = YES;
				GCC_WARN_UNUSED_VARIABLE = YES;
				IPHONEOS_DEPLOYMENT_TARGET = 11.2;
				MTL_ENABLE_DEBUG_INFO = NO;
				SDKROOT = iphoneos;
				SWIFT_OPTIMIZATION_LEVEL = "-Owholemodule";
				VALIDATE_PRODUCT = YES;
			};
			name = Release;
		};
		BD9488C4204BC5CA002FEF0E /* Debug */ = {
			isa = XCBuildConfiguration;
			buildSettings = {
				ASSETCATALOG_COMPILER_APPICON_NAME = AppIcon;
				CODE_SIGN_STYLE = Automatic;
				DEVELOPMENT_TEAM = 8BKRAE5UK4;
				INFOPLIST_FILE = SimpleConvertor/Info.plist;
				LD_RUNPATH_SEARCH_PATHS = "$(inherited) @executable_path/Frameworks";
				PRODUCT_BUNDLE_IDENTIFIER = com.penubo.SimpleConvertor;
				PRODUCT_NAME = "$(TARGET_NAME)";
				SWIFT_VERSION = 4.0;
				TARGETED_DEVICE_FAMILY = "1,2";
			};
			name = Debug;
		};
		BD9488C5204BC5CA002FEF0E /* Release */ = {
			isa = XCBuildConfiguration;
			buildSettings = {
				ASSETCATALOG_COMPILER_APPICON_NAME = AppIcon;
				CODE_SIGN_STYLE = Automatic;
				DEVELOPMENT_TEAM = 8BKRAE5UK4;
				INFOPLIST_FILE = SimpleConvertor/Info.plist;
				LD_RUNPATH_SEARCH_PATHS = "$(inherited) @executable_path/Frameworks";
				PRODUCT_BUNDLE_IDENTIFIER = com.penubo.SimpleConvertor;
				PRODUCT_NAME = "$(TARGET_NAME)";
				SWIFT_VERSION = 4.0;
				TARGETED_DEVICE_FAMILY = "1,2";
			};
			name = Release;
		};
/* End XCBuildConfiguration section */

/* Begin XCConfigurationList section */
		BD9488AC204BC5CA002FEF0E /* Build configuration list for PBXProject "SimpleConvertor" */ = {
			isa = XCConfigurationList;
			buildConfigurations = (
				BD9488C1204BC5CA002FEF0E /* Debug */,
				BD9488C2204BC5CA002FEF0E /* Release */,
			);
			defaultConfigurationIsVisible = 0;
			defaultConfigurationName = Release;
		};
		BD9488C3204BC5CA002FEF0E /* Build configuration list for PBXNativeTarget "SimpleConvertor" */ = {
			isa = XCConfigurationList;
			buildConfigurations = (
				BD9488C4204BC5CA002FEF0E /* Debug */,
				BD9488C5204BC5CA002FEF0E /* Release */,
			);
			defaultConfigurationIsVisible = 0;
			defaultConfigurationName = Release;
		};
/* End XCConfigurationList section */
	};
	rootObject = BD9488A9204BC5CA002FEF0E /* Project object */;
}
